
Microsoft Visual Studio Solution File, Format Version 12.00
# Visual Studio Version 17
VisualStudioVersion = 17.3.32922.545
MinimumVisualStudioVersion = 10.0.40219.1
Project("{FAE04EC0-301F-11D3-BF4B-00C04F79EFBC}") = "CalculatorLibJenkinsDemo", "CalculatorLibJenkinsDemo\CalculatorLibJenkinsDemo.csproj", "{A81983F1-B9D3-4DD0-BBBA-3F7D5A777303}"
EndProject
Global
	GlobalSection(SolutionConfigurationPlatforms) = preSolution
		Debug|Any CPU = Debug|Any CPU
		Release|Any CPU = Release|Any CPU
	EndGlobalSection
	GlobalSection(ProjectConfigurationPlatforms) = postSolution
		{A81983F1-B9D3-4DD0-BBBA-3F7D5A777303}.Debug|Any CPU.ActiveCfg = Debug|Any CPU
		{A81983F1-B9D3-4DD0-BBBA-3F7D5A777303}.Debug|Any CPU.Build.0 = Debug|Any CPU
		{A81983F1-B9D3-4DD0-BBBA-3F7D5A777303}.Release|Any CPU.ActiveCfg = Release|Any CPU
		{A81983F1-B9D3-4DD0-BBBA-3F7D5A777303}.Release|Any CPU.Build.0 = Release|Any CPU
	EndGlobalSection
	GlobalSection(SolutionProperties) = preSolution
		HideSolutionNode = FALSE
	EndGlobalSection
	GlobalSection(ExtensibilityGlobals) = postSolution
		SolutionGuid = {1FEAC315-7A5B-4336-9650-871F14527D44}
	EndGlobalSection
EndGlobal
